// !$*UTF8*$!
{
	archiveVersion = 1;
	classes = {
	};
	objectVersion = 56;
	objects = {

/* Begin PBXBuildFile section */
		0613876C2BCF950800C945DA /* DailyBoxOfficeDetailViewController.swift in Sources */ = {isa = PBXBuildFile; fileRef = 0613876B2BCF950800C945DA /* DailyBoxOfficeDetailViewController.swift */; };
		067336112BC041DB0068B2BF /* NetworkService.swift in Sources */ = {isa = PBXBuildFile; fileRef = 067336102BC041DB0068B2BF /* NetworkService.swift */; };
		068691712BBBA8C0005CEC17 /* DailyBoxOfficeResponseDTO.swift in Sources */ = {isa = PBXBuildFile; fileRef = 068691702BBBA8C0005CEC17 /* DailyBoxOfficeResponseDTO.swift */; };
		06872D272BCFFD0C003E6BB5 /* MovieDetailScrollView.swift in Sources */ = {isa = PBXBuildFile; fileRef = 06872D262BCFFD0C003E6BB5 /* MovieDetailScrollView.swift */; };
		06C46EF52BC6497100A8B2D0 /* BoxOffice.swift in Sources */ = {isa = PBXBuildFile; fileRef = 06C46EF42BC6497100A8B2D0 /* BoxOffice.swift */; };
		63DF20EF2970E1A0005DF7D1 /* AppDelegate.swift in Sources */ = {isa = PBXBuildFile; fileRef = 63DF20EE2970E1A0005DF7D1 /* AppDelegate.swift */; };
		63DF20F12970E1A0005DF7D1 /* SceneDelegate.swift in Sources */ = {isa = PBXBuildFile; fileRef = 63DF20F02970E1A0005DF7D1 /* SceneDelegate.swift */; };
		63DF20F32970E1A0005DF7D1 /* DailyBoxOfficeListViewController.swift in Sources */ = {isa = PBXBuildFile; fileRef = 63DF20F22970E1A0005DF7D1 /* DailyBoxOfficeListViewController.swift */; };
		63DF20F82970E1A1005DF7D1 /* Assets.xcassets in Resources */ = {isa = PBXBuildFile; fileRef = 63DF20F72970E1A1005DF7D1 /* Assets.xcassets */; };
		C4058F962BBBD47800B02D2F /* BoxOfficeTests.swift in Sources */ = {isa = PBXBuildFile; fileRef = C4058F952BBBD47800B02D2F /* BoxOfficeTests.swift */; };
		C4058F9D2BBBD5CA00B02D2F /* box_office_sample.json in Resources */ = {isa = PBXBuildFile; fileRef = C4058F9C2BBBD5CA00B02D2F /* box_office_sample.json */; };
		C40AB8642BBFC923001BCAC7 /* Environment.swift in Sources */ = {isa = PBXBuildFile; fileRef = C40AB8632BBFC923001BCAC7 /* Environment.swift */; };
		C40AB86A2BC03647001BCAC7 /* MovieDetailResponseDTO.swift in Sources */ = {isa = PBXBuildFile; fileRef = C40AB8692BC03647001BCAC7 /* MovieDetailResponseDTO.swift */; };
		C40D92602BC6886900417DB5 /* FormatStyle+.swift in Sources */ = {isa = PBXBuildFile; fileRef = C40D925F2BC6886900417DB5 /* FormatStyle+.swift */; };
		C40D92642BC8F1E600417DB5 /* DailyBoxOfficeContentView.swift in Sources */ = {isa = PBXBuildFile; fileRef = C40D92632BC8F1E600417DB5 /* DailyBoxOfficeContentView.swift */; };
		C40D92662BC8F26D00417DB5 /* DailyBoxOfficeConfiguration.swift in Sources */ = {isa = PBXBuildFile; fileRef = C40D92652BC8F26D00417DB5 /* DailyBoxOfficeConfiguration.swift */; };
		C41B861E2BCD765400182324 /* AlertFactory.swift in Sources */ = {isa = PBXBuildFile; fileRef = C41B861D2BCD765400182324 /* AlertFactory.swift */; };
		C41B86222BCE9AA400182324 /* CalendarViewController.swift in Sources */ = {isa = PBXBuildFile; fileRef = C41B86212BCE9AA400182324 /* CalendarViewController.swift */; };
		C46DB6E42BC0EC87000D6A41 /* APIs.swift in Sources */ = {isa = PBXBuildFile; fileRef = C46DB6E32BC0EC87000D6A41 /* APIs.swift */; };
		C46DB6EE2BC621F5000D6A41 /* DailyBoxOfficeListCell.swift in Sources */ = {isa = PBXBuildFile; fileRef = C46DB6ED2BC621F5000D6A41 /* DailyBoxOfficeListCell.swift */; };
/* End PBXBuildFile section */

/* Begin PBXContainerItemProxy section */
		C4058F972BBBD47800B02D2F /* PBXContainerItemProxy */ = {
			isa = PBXContainerItemProxy;
			containerPortal = 63DF20E32970E1A0005DF7D1 /* Project object */;
			proxyType = 1;
			remoteGlobalIDString = 63DF20EA2970E1A0005DF7D1;
			remoteInfo = BoxOffice;
		};
/* End PBXContainerItemProxy section */

/* Begin PBXFileReference section */
		0613876B2BCF950800C945DA /* DailyBoxOfficeDetailViewController.swift */ = {isa = PBXFileReference; lastKnownFileType = sourcecode.swift; path = DailyBoxOfficeDetailViewController.swift; sourceTree = "<group>"; };
		067336102BC041DB0068B2BF /* NetworkService.swift */ = {isa = PBXFileReference; lastKnownFileType = sourcecode.swift; path = NetworkService.swift; sourceTree = "<group>"; };
		068691702BBBA8C0005CEC17 /* DailyBoxOfficeResponseDTO.swift */ = {isa = PBXFileReference; lastKnownFileType = sourcecode.swift; path = DailyBoxOfficeResponseDTO.swift; sourceTree = "<group>"; tabWidth = 1; };
		06872D262BCFFD0C003E6BB5 /* MovieDetailScrollView.swift */ = {isa = PBXFileReference; lastKnownFileType = sourcecode.swift; path = MovieDetailScrollView.swift; sourceTree = "<group>"; };
		06C46EF42BC6497100A8B2D0 /* BoxOffice.swift */ = {isa = PBXFileReference; lastKnownFileType = sourcecode.swift; path = BoxOffice.swift; sourceTree = "<group>"; };
		63DF20EB2970E1A0005DF7D1 /* BoxOffice.app */ = {isa = PBXFileReference; explicitFileType = wrapper.application; includeInIndex = 0; path = BoxOffice.app; sourceTree = BUILT_PRODUCTS_DIR; };
		63DF20EE2970E1A0005DF7D1 /* AppDelegate.swift */ = {isa = PBXFileReference; lastKnownFileType = sourcecode.swift; path = AppDelegate.swift; sourceTree = "<group>"; };
		63DF20F02970E1A0005DF7D1 /* SceneDelegate.swift */ = {isa = PBXFileReference; lastKnownFileType = sourcecode.swift; path = SceneDelegate.swift; sourceTree = "<group>"; };
		63DF20F22970E1A0005DF7D1 /* DailyBoxOfficeListViewController.swift */ = {isa = PBXFileReference; lastKnownFileType = sourcecode.swift; path = DailyBoxOfficeListViewController.swift; sourceTree = "<group>"; };
		63DF20F72970E1A1005DF7D1 /* Assets.xcassets */ = {isa = PBXFileReference; lastKnownFileType = folder.assetcatalog; path = Assets.xcassets; sourceTree = "<group>"; };
		63DF20FC2970E1A1005DF7D1 /* Info.plist */ = {isa = PBXFileReference; lastKnownFileType = text.plist.xml; path = Info.plist; sourceTree = "<group>"; };
		C4058F932BBBD47800B02D2F /* BoxOfficeTests.xctest */ = {isa = PBXFileReference; explicitFileType = wrapper.cfbundle; includeInIndex = 0; path = BoxOfficeTests.xctest; sourceTree = BUILT_PRODUCTS_DIR; };
		C4058F952BBBD47800B02D2F /* BoxOfficeTests.swift */ = {isa = PBXFileReference; lastKnownFileType = sourcecode.swift; path = BoxOfficeTests.swift; sourceTree = "<group>"; };
		C4058F9C2BBBD5CA00B02D2F /* box_office_sample.json */ = {isa = PBXFileReference; fileEncoding = 4; lastKnownFileType = text.json; path = box_office_sample.json; sourceTree = "<group>"; };
		C40AB8622BBFC79C001BCAC7 /* Development.xcconfig */ = {isa = PBXFileReference; lastKnownFileType = text.xcconfig; path = Development.xcconfig; sourceTree = "<group>"; };
		C40AB8632BBFC923001BCAC7 /* Environment.swift */ = {isa = PBXFileReference; lastKnownFileType = sourcecode.swift; path = Environment.swift; sourceTree = "<group>"; };
		C40AB8692BC03647001BCAC7 /* MovieDetailResponseDTO.swift */ = {isa = PBXFileReference; lastKnownFileType = sourcecode.swift; path = MovieDetailResponseDTO.swift; sourceTree = "<group>"; };
		C40D925F2BC6886900417DB5 /* FormatStyle+.swift */ = {isa = PBXFileReference; lastKnownFileType = sourcecode.swift; path = "FormatStyle+.swift"; sourceTree = "<group>"; };
		C40D92632BC8F1E600417DB5 /* DailyBoxOfficeContentView.swift */ = {isa = PBXFileReference; lastKnownFileType = sourcecode.swift; path = DailyBoxOfficeContentView.swift; sourceTree = "<group>"; };
		C40D92652BC8F26D00417DB5 /* DailyBoxOfficeConfiguration.swift */ = {isa = PBXFileReference; lastKnownFileType = sourcecode.swift; path = DailyBoxOfficeConfiguration.swift; sourceTree = "<group>"; };
		C41B861D2BCD765400182324 /* AlertFactory.swift */ = {isa = PBXFileReference; lastKnownFileType = sourcecode.swift; path = AlertFactory.swift; sourceTree = "<group>"; };
		C41B86212BCE9AA400182324 /* CalendarViewController.swift */ = {isa = PBXFileReference; lastKnownFileType = sourcecode.swift; path = CalendarViewController.swift; sourceTree = "<group>"; };
		C46DB6E32BC0EC87000D6A41 /* APIs.swift */ = {isa = PBXFileReference; lastKnownFileType = sourcecode.swift; path = APIs.swift; sourceTree = "<group>"; };
		C46DB6ED2BC621F5000D6A41 /* DailyBoxOfficeListCell.swift */ = {isa = PBXFileReference; lastKnownFileType = sourcecode.swift; path = DailyBoxOfficeListCell.swift; sourceTree = "<group>"; };
/* End PBXFileReference section */

/* Begin PBXFrameworksBuildPhase section */
		63DF20E82970E1A0005DF7D1 /* Frameworks */ = {
			isa = PBXFrameworksBuildPhase;
			buildActionMask = 2147483647;
			files = (
			);
			runOnlyForDeploymentPostprocessing = 0;
		};
		C4058F902BBBD47800B02D2F /* Frameworks */ = {
			isa = PBXFrameworksBuildPhase;
			buildActionMask = 2147483647;
			files = (
			);
			runOnlyForDeploymentPostprocessing = 0;
		};
/* End PBXFrameworksBuildPhase section */

/* Begin PBXGroup section */
		63DF20E22970E1A0005DF7D1 = {
			isa = PBXGroup;
			children = (
				63DF20ED2970E1A0005DF7D1 /* BoxOffice */,
				C4058F942BBBD47800B02D2F /* BoxOfficeTests */,
				63DF20EC2970E1A0005DF7D1 /* Products */,
			);
			sourceTree = "<group>";
		};
		63DF20EC2970E1A0005DF7D1 /* Products */ = {
			isa = PBXGroup;
			children = (
				63DF20EB2970E1A0005DF7D1 /* BoxOffice.app */,
				C4058F932BBBD47800B02D2F /* BoxOfficeTests.xctest */,
			);
			name = Products;
			sourceTree = "<group>";
		};
		63DF20ED2970E1A0005DF7D1 /* BoxOffice */ = {
			isa = PBXGroup;
			children = (
				C40D92672BC90BEA00417DB5 /* App */,
				C40D92682BC90BF700417DB5 /* Model */,
				C40D926B2BC90C3D00417DB5 /* View */,
				C40D926A2BC90C2A00417DB5 /* ViewController */,
				C40D92692BC90C1D00417DB5 /* Extensions */,
				C40D92702BC90C8700417DB5 /* Network */,
				C40AB8622BBFC79C001BCAC7 /* Development.xcconfig */,
				63DF20F72970E1A1005DF7D1 /* Assets.xcassets */,
				63DF20FC2970E1A1005DF7D1 /* Info.plist */,
			);
			path = BoxOffice;
			sourceTree = "<group>";
		};
		C4058F942BBBD47800B02D2F /* BoxOfficeTests */ = {
			isa = PBXGroup;
			children = (
				C4058F952BBBD47800B02D2F /* BoxOfficeTests.swift */,
				C4058F9C2BBBD5CA00B02D2F /* box_office_sample.json */,
			);
			path = BoxOfficeTests;
			sourceTree = "<group>";
		};
		C40D92672BC90BEA00417DB5 /* App */ = {
			isa = PBXGroup;
			children = (
				63DF20EE2970E1A0005DF7D1 /* AppDelegate.swift */,
				63DF20F02970E1A0005DF7D1 /* SceneDelegate.swift */,
				C40AB8632BBFC923001BCAC7 /* Environment.swift */,
			);
			path = App;
			sourceTree = "<group>";
		};
		C40D92682BC90BF700417DB5 /* Model */ = {
			isa = PBXGroup;
			children = (
				06C46EF42BC6497100A8B2D0 /* BoxOffice.swift */,
			);
			path = Model;
			sourceTree = "<group>";
		};
		C40D92692BC90C1D00417DB5 /* Extensions */ = {
			isa = PBXGroup;
			children = (
				C40D925F2BC6886900417DB5 /* FormatStyle+.swift */,
			);
			path = Extensions;
			sourceTree = "<group>";
		};
		C40D926A2BC90C2A00417DB5 /* ViewController */ = {
			isa = PBXGroup;
			children = (
				63DF20F22970E1A0005DF7D1 /* DailyBoxOfficeListViewController.swift */,
				0613876B2BCF950800C945DA /* DailyBoxOfficeDetailViewController.swift */,
				C41B86212BCE9AA400182324 /* CalendarViewController.swift */,
			);
			path = ViewController;
			sourceTree = "<group>";
		};
		C40D926B2BC90C3D00417DB5 /* View */ = {
			isa = PBXGroup;
			children = (
				C40D92652BC8F26D00417DB5 /* DailyBoxOfficeConfiguration.swift */,
				C40D92632BC8F1E600417DB5 /* DailyBoxOfficeContentView.swift */,
				C46DB6ED2BC621F5000D6A41 /* DailyBoxOfficeListCell.swift */,
				C41B861D2BCD765400182324 /* AlertFactory.swift */,
				06872D262BCFFD0C003E6BB5 /* MovieDetailScrollView.swift */,
			);
			path = View;
			sourceTree = "<group>";
		};
		C40D92702BC90C8700417DB5 /* Network */ = {
			isa = PBXGroup;
			children = (
				C46DB6E32BC0EC87000D6A41 /* APIs.swift */,
				067336102BC041DB0068B2BF /* NetworkService.swift */,
				C40D92712BC90CD500417DB5 /* DataMapping */,
			);
			path = Network;
			sourceTree = "<group>";
		};
		C40D92712BC90CD500417DB5 /* DataMapping */ = {
			isa = PBXGroup;
			children = (
				068691702BBBA8C0005CEC17 /* DailyBoxOfficeResponseDTO.swift */,
				C40AB8692BC03647001BCAC7 /* MovieDetailResponseDTO.swift */,
			);
			path = DataMapping;
			sourceTree = "<group>";
		};
/* End PBXGroup section */

/* Begin PBXNativeTarget section */
		63DF20EA2970E1A0005DF7D1 /* BoxOffice */ = {
			isa = PBXNativeTarget;
			buildConfigurationList = 63DF20FF2970E1A1005DF7D1 /* Build configuration list for PBXNativeTarget "BoxOffice" */;
			buildPhases = (
				63DF20E72970E1A0005DF7D1 /* Sources */,
				63DF20E82970E1A0005DF7D1 /* Frameworks */,
				63DF20E92970E1A0005DF7D1 /* Resources */,
			);
			buildRules = (
			);
			dependencies = (
			);
			name = BoxOffice;
			productName = BoxOffice;
			productReference = 63DF20EB2970E1A0005DF7D1 /* BoxOffice.app */;
			productType = "com.apple.product-type.application";
		};
		C4058F922BBBD47800B02D2F /* BoxOfficeTests */ = {
			isa = PBXNativeTarget;
			buildConfigurationList = C4058F9B2BBBD47800B02D2F /* Build configuration list for PBXNativeTarget "BoxOfficeTests" */;
			buildPhases = (
				C4058F8F2BBBD47800B02D2F /* Sources */,
				C4058F902BBBD47800B02D2F /* Frameworks */,
				C4058F912BBBD47800B02D2F /* Resources */,
			);
			buildRules = (
			);
			dependencies = (
				C4058F982BBBD47800B02D2F /* PBXTargetDependency */,
			);
			name = BoxOfficeTests;
			productName = BoxOfficeTests;
			productReference = C4058F932BBBD47800B02D2F /* BoxOfficeTests.xctest */;
			productType = "com.apple.product-type.bundle.unit-test";
		};
/* End PBXNativeTarget section */

/* Begin PBXProject section */
		63DF20E32970E1A0005DF7D1 /* Project object */ = {
			isa = PBXProject;
			attributes = {
				BuildIndependentTargetsInParallel = 1;
				LastSwiftUpdateCheck = 1530;
				LastUpgradeCheck = 1420;
				TargetAttributes = {
					63DF20EA2970E1A0005DF7D1 = {
						CreatedOnToolsVersion = 14.2;
					};
					C4058F922BBBD47800B02D2F = {
						CreatedOnToolsVersion = 15.3;
						TestTargetID = 63DF20EA2970E1A0005DF7D1;
					};
				};
			};
			buildConfigurationList = 63DF20E62970E1A0005DF7D1 /* Build configuration list for PBXProject "BoxOffice" */;
			compatibilityVersion = "Xcode 14.0";
			developmentRegion = en;
			hasScannedForEncodings = 0;
			knownRegions = (
				en,
				Base,
			);
			mainGroup = 63DF20E22970E1A0005DF7D1;
			productRefGroup = 63DF20EC2970E1A0005DF7D1 /* Products */;
			projectDirPath = "";
			projectRoot = "";
			targets = (
				63DF20EA2970E1A0005DF7D1 /* BoxOffice */,
				C4058F922BBBD47800B02D2F /* BoxOfficeTests */,
			);
		};
/* End PBXProject section */

/* Begin PBXResourcesBuildPhase section */
		63DF20E92970E1A0005DF7D1 /* Resources */ = {
			isa = PBXResourcesBuildPhase;
			buildActionMask = 2147483647;
			files = (
				63DF20F82970E1A1005DF7D1 /* Assets.xcassets in Resources */,
			);
			runOnlyForDeploymentPostprocessing = 0;
		};
		C4058F912BBBD47800B02D2F /* Resources */ = {
			isa = PBXResourcesBuildPhase;
			buildActionMask = 2147483647;
			files = (
				C4058F9D2BBBD5CA00B02D2F /* box_office_sample.json in Resources */,
			);
			runOnlyForDeploymentPostprocessing = 0;
		};
/* End PBXResourcesBuildPhase section */

/* Begin PBXSourcesBuildPhase section */
		63DF20E72970E1A0005DF7D1 /* Sources */ = {
			isa = PBXSourcesBuildPhase;
			buildActionMask = 2147483647;
			files = (
				C41B86222BCE9AA400182324 /* CalendarViewController.swift in Sources */,
				C40D92642BC8F1E600417DB5 /* DailyBoxOfficeContentView.swift in Sources */,
				C40AB8642BBFC923001BCAC7 /* Environment.swift in Sources */,
				63DF20F32970E1A0005DF7D1 /* DailyBoxOfficeListViewController.swift in Sources */,
				C46DB6E42BC0EC87000D6A41 /* APIs.swift in Sources */,
				06872D272BCFFD0C003E6BB5 /* MovieDetailScrollView.swift in Sources */,
				C40D92602BC6886900417DB5 /* FormatStyle+.swift in Sources */,
				63DF20EF2970E1A0005DF7D1 /* AppDelegate.swift in Sources */,
				C46DB6EE2BC621F5000D6A41 /* DailyBoxOfficeListCell.swift in Sources */,
				C40D92662BC8F26D00417DB5 /* DailyBoxOfficeConfiguration.swift in Sources */,
				63DF20F12970E1A0005DF7D1 /* SceneDelegate.swift in Sources */,
				067336112BC041DB0068B2BF /* NetworkService.swift in Sources */,
				06C46EF52BC6497100A8B2D0 /* BoxOffice.swift in Sources */,
				C41B861E2BCD765400182324 /* AlertFactory.swift in Sources */,
				0613876C2BCF950800C945DA /* DailyBoxOfficeDetailViewController.swift in Sources */,
				C40AB86A2BC03647001BCAC7 /* MovieDetailResponseDTO.swift in Sources */,
				068691712BBBA8C0005CEC17 /* DailyBoxOfficeResponseDTO.swift in Sources */,
			);
			runOnlyForDeploymentPostprocessing = 0;
		};
		C4058F8F2BBBD47800B02D2F /* Sources */ = {
			isa = PBXSourcesBuildPhase;
			buildActionMask = 2147483647;
			files = (
				C4058F962BBBD47800B02D2F /* BoxOfficeTests.swift in Sources */,
			);
			runOnlyForDeploymentPostprocessing = 0;
		};
/* End PBXSourcesBuildPhase section */

/* Begin PBXTargetDependency section */
		C4058F982BBBD47800B02D2F /* PBXTargetDependency */ = {
			isa = PBXTargetDependency;
			target = 63DF20EA2970E1A0005DF7D1 /* BoxOffice */;
			targetProxy = C4058F972BBBD47800B02D2F /* PBXContainerItemProxy */;
		};
/* End PBXTargetDependency section */

/* Begin XCBuildConfiguration section */
		63DF20FD2970E1A1005DF7D1 /* Debug */ = {
			isa = XCBuildConfiguration;
			buildSettings = {
				ALWAYS_SEARCH_USER_PATHS = NO;
				CLANG_ANALYZER_NONNULL = YES;
				CLANG_ANALYZER_NUMBER_OBJECT_CONVERSION = YES_AGGRESSIVE;
				CLANG_CXX_LANGUAGE_STANDARD = "gnu++20";
				CLANG_ENABLE_MODULES = YES;
				CLANG_ENABLE_OBJC_ARC = YES;
				CLANG_ENABLE_OBJC_WEAK = YES;
				CLANG_WARN_BLOCK_CAPTURE_AUTORELEASING = YES;
				CLANG_WARN_BOOL_CONVERSION = YES;
				CLANG_WARN_COMMA = YES;
				CLANG_WARN_CONSTANT_CONVERSION = YES;
				CLANG_WARN_DEPRECATED_OBJC_IMPLEMENTATIONS = YES;
				CLANG_WARN_DIRECT_OBJC_ISA_USAGE = YES_ERROR;
				CLANG_WARN_DOCUMENTATION_COMMENTS = YES;
				CLANG_WARN_EMPTY_BODY = YES;
				CLANG_WARN_ENUM_CONVERSION = YES;
				CLANG_WARN_INFINITE_RECURSION = YES;
				CLANG_WARN_INT_CONVERSION = YES;
				CLANG_WARN_NON_LITERAL_NULL_CONVERSION = YES;
				CLANG_WARN_OBJC_IMPLICIT_RETAIN_SELF = YES;
				CLANG_WARN_OBJC_LITERAL_CONVERSION = YES;
				CLANG_WARN_OBJC_ROOT_CLASS = YES_ERROR;
				CLANG_WARN_QUOTED_INCLUDE_IN_FRAMEWORK_HEADER = YES;
				CLANG_WARN_RANGE_LOOP_ANALYSIS = YES;
				CLANG_WARN_STRICT_PROTOTYPES = YES;
				CLANG_WARN_SUSPICIOUS_MOVE = YES;
				CLANG_WARN_UNGUARDED_AVAILABILITY = YES_AGGRESSIVE;
				CLANG_WARN_UNREACHABLE_CODE = YES;
				CLANG_WARN__DUPLICATE_METHOD_MATCH = YES;
				COPY_PHASE_STRIP = NO;
				DEBUG_INFORMATION_FORMAT = dwarf;
				ENABLE_STRICT_OBJC_MSGSEND = YES;
				ENABLE_TESTABILITY = YES;
				GCC_C_LANGUAGE_STANDARD = gnu11;
				GCC_DYNAMIC_NO_PIC = NO;
				GCC_NO_COMMON_BLOCKS = YES;
				GCC_OPTIMIZATION_LEVEL = 0;
				GCC_PREPROCESSOR_DEFINITIONS = (
					"DEBUG=1",
					"$(inherited)",
				);
				GCC_WARN_64_TO_32_BIT_CONVERSION = YES;
				GCC_WARN_ABOUT_RETURN_TYPE = YES_ERROR;
				GCC_WARN_UNDECLARED_SELECTOR = YES;
				GCC_WARN_UNINITIALIZED_AUTOS = YES_AGGRESSIVE;
				GCC_WARN_UNUSED_FUNCTION = YES;
				GCC_WARN_UNUSED_VARIABLE = YES;
				IPHONEOS_DEPLOYMENT_TARGET = 16.2;
				MTL_ENABLE_DEBUG_INFO = INCLUDE_SOURCE;
				MTL_FAST_MATH = YES;
				ONLY_ACTIVE_ARCH = YES;
				SDKROOT = iphoneos;
				SWIFT_ACTIVE_COMPILATION_CONDITIONS = DEBUG;
				SWIFT_OPTIMIZATION_LEVEL = "-Onone";
			};
			name = Debug;
		};
		63DF20FE2970E1A1005DF7D1 /* Release */ = {
			isa = XCBuildConfiguration;
			buildSettings = {
				ALWAYS_SEARCH_USER_PATHS = NO;
				CLANG_ANALYZER_NONNULL = YES;
				CLANG_ANALYZER_NUMBER_OBJECT_CONVERSION = YES_AGGRESSIVE;
				CLANG_CXX_LANGUAGE_STANDARD = "gnu++20";
				CLANG_ENABLE_MODULES = YES;
				CLANG_ENABLE_OBJC_ARC = YES;
				CLANG_ENABLE_OBJC_WEAK = YES;
				CLANG_WARN_BLOCK_CAPTURE_AUTORELEASING = YES;
				CLANG_WARN_BOOL_CONVERSION = YES;
				CLANG_WARN_COMMA = YES;
				CLANG_WARN_CONSTANT_CONVERSION = YES;
				CLANG_WARN_DEPRECATED_OBJC_IMPLEMENTATIONS = YES;
				CLANG_WARN_DIRECT_OBJC_ISA_USAGE = YES_ERROR;
				CLANG_WARN_DOCUMENTATION_COMMENTS = YES;
				CLANG_WARN_EMPTY_BODY = YES;
				CLANG_WARN_ENUM_CONVERSION = YES;
				CLANG_WARN_INFINITE_RECURSION = YES;
				CLANG_WARN_INT_CONVERSION = YES;
				CLANG_WARN_NON_LITERAL_NULL_CONVERSION = YES;
				CLANG_WARN_OBJC_IMPLICIT_RETAIN_SELF = YES;
				CLANG_WARN_OBJC_LITERAL_CONVERSION = YES;
				CLANG_WARN_OBJC_ROOT_CLASS = YES_ERROR;
				CLANG_WARN_QUOTED_INCLUDE_IN_FRAMEWORK_HEADER = YES;
				CLANG_WARN_RANGE_LOOP_ANALYSIS = YES;
				CLANG_WARN_STRICT_PROTOTYPES = YES;
				CLANG_WARN_SUSPICIOUS_MOVE = YES;
				CLANG_WARN_UNGUARDED_AVAILABILITY = YES_AGGRESSIVE;
				CLANG_WARN_UNREACHABLE_CODE = YES;
				CLANG_WARN__DUPLICATE_METHOD_MATCH = YES;
				COPY_PHASE_STRIP = NO;
				DEBUG_INFORMATION_FORMAT = "dwarf-with-dsym";
				ENABLE_NS_ASSERTIONS = NO;
				ENABLE_STRICT_OBJC_MSGSEND = YES;
				GCC_C_LANGUAGE_STANDARD = gnu11;
				GCC_NO_COMMON_BLOCKS = YES;
				GCC_WARN_64_TO_32_BIT_CONVERSION = YES;
				GCC_WARN_ABOUT_RETURN_TYPE = YES_ERROR;
				GCC_WARN_UNDECLARED_SELECTOR = YES;
				GCC_WARN_UNINITIALIZED_AUTOS = YES_AGGRESSIVE;
				GCC_WARN_UNUSED_FUNCTION = YES;
				GCC_WARN_UNUSED_VARIABLE = YES;
				IPHONEOS_DEPLOYMENT_TARGET = 16.2;
				MTL_ENABLE_DEBUG_INFO = NO;
				MTL_FAST_MATH = YES;
				SDKROOT = iphoneos;
				SWIFT_COMPILATION_MODE = wholemodule;
				SWIFT_OPTIMIZATION_LEVEL = "-O";
				VALIDATE_PRODUCT = YES;
			};
			name = Release;
		};
		63DF21002970E1A1005DF7D1 /* Debug */ = {
			isa = XCBuildConfiguration;
			baseConfigurationReference = C40AB8622BBFC79C001BCAC7 /* Development.xcconfig */;
			buildSettings = {
				ASSETCATALOG_COMPILER_APPICON_NAME = AppIcon;
				ASSETCATALOG_COMPILER_GLOBAL_ACCENT_COLOR_NAME = AccentColor;
				CODE_SIGN_STYLE = Automatic;
				CURRENT_PROJECT_VERSION = 1;
				GENERATE_INFOPLIST_FILE = YES;
				INFOPLIST_FILE = BoxOffice/Info.plist;
				INFOPLIST_KEY_UIApplicationSupportsIndirectInputEvents = YES;
				INFOPLIST_KEY_UILaunchStoryboardName = LaunchScreen;
				INFOPLIST_KEY_UIMainStoryboardFile = "";
				INFOPLIST_KEY_UISupportedInterfaceOrientations_iPad = "UIInterfaceOrientationPortrait UIInterfaceOrientationPortraitUpsideDown UIInterfaceOrientationLandscapeLeft UIInterfaceOrientationLandscapeRight";
				INFOPLIST_KEY_UISupportedInterfaceOrientations_iPhone = "UIInterfaceOrientationPortrait UIInterfaceOrientationLandscapeLeft UIInterfaceOrientationLandscapeRight";
				IPHONEOS_DEPLOYMENT_TARGET = 16.2;
				LD_RUNPATH_SEARCH_PATHS = (
					"$(inherited)",
					"@executable_path/Frameworks",
				);
				MARKETING_VERSION = 1.0;
				PRODUCT_BUNDLE_IDENTIFIER = net.yagom.BoxOffice;
				PRODUCT_NAME = "$(TARGET_NAME)";
				SWIFT_EMIT_LOC_STRINGS = YES;
				SWIFT_VERSION = 5.0;
				TARGETED_DEVICE_FAMILY = "1,2";
			};
			name = Debug;
		};
		63DF21012970E1A1005DF7D1 /* Release */ = {
			isa = XCBuildConfiguration;
			baseConfigurationReference = C40AB8622BBFC79C001BCAC7 /* Development.xcconfig */;
			buildSettings = {
				ASSETCATALOG_COMPILER_APPICON_NAME = AppIcon;
				ASSETCATALOG_COMPILER_GLOBAL_ACCENT_COLOR_NAME = AccentColor;
				CODE_SIGN_STYLE = Automatic;
				CURRENT_PROJECT_VERSION = 1;
				GENERATE_INFOPLIST_FILE = YES;
				INFOPLIST_FILE = BoxOffice/Info.plist;
				INFOPLIST_KEY_UIApplicationSupportsIndirectInputEvents = YES;
				INFOPLIST_KEY_UILaunchStoryboardName = LaunchScreen;
				INFOPLIST_KEY_UIMainStoryboardFile = "";
				INFOPLIST_KEY_UISupportedInterfaceOrientations_iPad = "UIInterfaceOrientationPortrait UIInterfaceOrientationPortraitUpsideDown UIInterfaceOrientationLandscapeLeft UIInterfaceOrientationLandscapeRight";
				INFOPLIST_KEY_UISupportedInterfaceOrientations_iPhone = "UIInterfaceOrientationPortrait UIInterfaceOrientationLandscapeLeft UIInterfaceOrientationLandscapeRight";
				IPHONEOS_DEPLOYMENT_TARGET = 16.2;
				LD_RUNPATH_SEARCH_PATHS = (
					"$(inherited)",
					"@executable_path/Frameworks",
				);
				MARKETING_VERSION = 1.0;
				PRODUCT_BUNDLE_IDENTIFIER = net.yagom.BoxOffice;
				PRODUCT_NAME = "$(TARGET_NAME)";
				SWIFT_EMIT_LOC_STRINGS = YES;
				SWIFT_VERSION = 5.0;
				TARGETED_DEVICE_FAMILY = "1,2";
			};
			name = Release;
		};
		C4058F992BBBD47800B02D2F /* Debug */ = {
			isa = XCBuildConfiguration;
			buildSettings = {
				ASSETCATALOG_COMPILER_GENERATE_SWIFT_ASSET_SYMBOL_EXTENSIONS = YES;
				BUNDLE_LOADER = "$(TEST_HOST)";
				CODE_SIGN_STYLE = Automatic;
				CURRENT_PROJECT_VERSION = 1;
				ENABLE_USER_SCRIPT_SANDBOXING = YES;
				GCC_C_LANGUAGE_STANDARD = gnu17;
				GENERATE_INFOPLIST_FILE = YES;
				IPHONEOS_DEPLOYMENT_TARGET = 17.4;
				LOCALIZATION_PREFERS_STRING_CATALOGS = YES;
				MARKETING_VERSION = 1.0;
				PRODUCT_BUNDLE_IDENTIFIER = com.prism.BoxOfficeTests;
				PRODUCT_NAME = "$(TARGET_NAME)";
				SWIFT_ACTIVE_COMPILATION_CONDITIONS = "DEBUG $(inherited)";
				SWIFT_EMIT_LOC_STRINGS = NO;
				SWIFT_VERSION = 5.0;
				TARGETED_DEVICE_FAMILY = "1,2";
				TEST_HOST = "$(BUILT_PRODUCTS_DIR)/BoxOffice.app/$(BUNDLE_EXECUTABLE_FOLDER_PATH)/BoxOffice";
			};
			name = Debug;
		};
		C4058F9A2BBBD47800B02D2F /* Release */ = {
			isa = XCBuildConfiguration;
			buildSettings = {
				ASSETCATALOG_COMPILER_GENERATE_SWIFT_ASSET_SYMBOL_EXTENSIONS = YES;
				BUNDLE_LOADER = "$(TEST_HOST)";
				CODE_SIGN_STYLE = Automatic;
				CURRENT_PROJECT_VERSION = 1;
				ENABLE_USER_SCRIPT_SANDBOXING = YES;
				GCC_C_LANGUAGE_STANDARD = gnu17;
				GENERATE_INFOPLIST_FILE = YES;
				IPHONEOS_DEPLOYMENT_TARGET = 17.4;
				LOCALIZATION_PREFERS_STRING_CATALOGS = YES;
				MARKETING_VERSION = 1.0;
				PRODUCT_BUNDLE_IDENTIFIER = com.prism.BoxOfficeTests;
				PRODUCT_NAME = "$(TARGET_NAME)";
				SWIFT_EMIT_LOC_STRINGS = NO;
				SWIFT_VERSION = 5.0;
				TARGETED_DEVICE_FAMILY = "1,2";
				TEST_HOST = "$(BUILT_PRODUCTS_DIR)/BoxOffice.app/$(BUNDLE_EXECUTABLE_FOLDER_PATH)/BoxOffice";
			};
			name = Release;
		};
/* End XCBuildConfiguration section */

/* Begin XCConfigurationList section */
		63DF20E62970E1A0005DF7D1 /* Build configuration list for PBXProject "BoxOffice" */ = {
			isa = XCConfigurationList;
			buildConfigurations = (
				63DF20FD2970E1A1005DF7D1 /* Debug */,
				63DF20FE2970E1A1005DF7D1 /* Release */,
			);
			defaultConfigurationIsVisible = 0;
			defaultConfigurationName = Release;
		};
		63DF20FF2970E1A1005DF7D1 /* Build configuration list for PBXNativeTarget "BoxOffice" */ = {
			isa = XCConfigurationList;
			buildConfigurations = (
				63DF21002970E1A1005DF7D1 /* Debug */,
				63DF21012970E1A1005DF7D1 /* Release */,
			);
			defaultConfigurationIsVisible = 0;
			defaultConfigurationName = Release;
		};
		C4058F9B2BBBD47800B02D2F /* Build configuration list for PBXNativeTarget "BoxOfficeTests" */ = {
			isa = XCConfigurationList;
			buildConfigurations = (
				C4058F992BBBD47800B02D2F /* Debug */,
				C4058F9A2BBBD47800B02D2F /* Release */,
			);
			defaultConfigurationIsVisible = 0;
			defaultConfigurationName = Release;
		};
/* End XCConfigurationList section */
	};
	rootObject = 63DF20E32970E1A0005DF7D1 /* Project object */;
}
